Microsoft Visual Studio Solution File, Format Version 11.00
# Visual Studio 2008

Project("{8DB21660-31C0-15BB-6EED-8982D93C6F2E}") = "To Kill a Dragon", "Assembly-CSharp.csproj", "{C1686B61-F8CD-16AC-7E92-FDDC0D0716B3}"
EndProject
Global
	GlobalSection(SolutionConfigurationPlatforms) = preSolution
		Debug|Any CPU = Debug|Any CPU
		Release|Any CPU = Release|Any CPU
	EndGlobalSection
	GlobalSection(ProjectConfigurationPlatforms) = postSolution
		{C1686B61-F8CD-16AC-7E92-FDDC0D0716B3}.Debug|Any CPU.ActiveCfg = Debug|Any CPU
		{C1686B61-F8CD-16AC-7E92-FDDC0D0716B3}.Debug|Any CPU.Build.0 = Debug|Any CPU
		{C1686B61-F8CD-16AC-7E92-FDDC0D0716B3}.Release|Any CPU.ActiveCfg = Release|Any CPU
		{C1686B61-F8CD-16AC-7E92-FDDC0D0716B3}.Release|Any CPU.Build.0 = Release|Any CPU
	EndGlobalSection
	GlobalSection(SolutionProperties) = preSolution
		HideSolutionNode = FALSE
	EndGlobalSection
																			GlobalSection(MonoDevelopProperties) = preSolution
		StartupItem = Assembly-CSharp.csproj
		Policies = $0
		$0.TextStylePolicy = $1
		$1.FileWidth = 120
		$1.TabWidth = 4
		$1.EolMarker = Unix
		$1.inheritsSet = Mono
		$1.inheritsScope = text/plain
		$1.scope = text/x-csharp
		$0.CSharpFormattingPolicy = $2
		$2.inheritsSet = Mono
		$2.inheritsScope = text/x-csharp
		$2.scope = text/x-csharp
		$0.TextStylePolicy = $3
		$3.FileWidth = 120
		$3.TabWidth = 4
		$3.EolMarker = Unix
		$3.inheritsSet = Mono
		$3.inheritsScope = text/plain
		$3.scope = text/plain
		$0.DotNetNamingPolicy = $4
		$4.DirectoryNamespaceAssociation = None
		$4.ResourceNamePolicy = FileFormatDefault
		GlobalSection(MonoDevelopProperties) = preSolution
	EndGlobalSection

EndGlobal
